# This file is automatically @generated by Cargo.
# It is not intended for manual editing.
version = 3

[[package]]
name = "bytes"
version = "1.7.1"
source = "registry+https://github.com/rust-lang/crates.io-index"
checksum = "8318a53db07bb3f8dca91a600466bdb3f2eaadebdfb35447d4a75ea23a3a2d8d"

[[package]]
name = "encoding_rs"
version = "0.8.34"
source = "registry+https://github.com/rust-lang/crates.io-index"
checksum = "b45de904aa0b010bce2ab45264d0631681847fa7b6f2eaa7dab7619943bc4f59"
dependencies = [
    "cfg-if",
]

[[package]]
name = "cfg-if"
version = "1.0.0"
source = "registry+https://github.com/rust-lang/crates.io-index"
checksum = "baf1de4339761588bc0619e3cbc0120ee582ebb74b53b4efbf79117bd2da40fd"

[[package]]
name = "h2"
version = "0.4.6"
source = "registry+https://github.com/rust-lang/crates.io-index"
checksum = "524e8ac6999421f49a846c2d4411f337e53497d8ec55d67753beffa43c5d9205"
dependencies = [
    "bytes",
    "http",
    "tokio",
]

[[package]]
name = "http"
version = "1.1.0"
source = "registry+https://github.com/rust-lang/crates.io-index"
checksum = "21b9ddb458710bc3d37b18f2eea45d6e2aad85800ef3b8c24b5d2d0ff14e1e3"

[[package]]
name = "hyper"
version = "1.4.1"
source = "registry+https://github.com/rust-lang/crates.io-index"
checksum = "50dfd22e0e76d0f662d429a5f80fcaf3855009297eab6a0a9f8543834744ba05"
dependencies = [
    "bytes",
    "h2",
    "http",
    "tokio",
]

[[package]]
name = "hyper-rustls"
version = "0.27.2"
source = "registry+https://github.com/rust-lang/crates.io-index"
checksum = "5ee4be2122d902166a8d05d1a4e0e50b2478811b9c69b81cee6b3c81b0c28fc4"
dependencies = [
    "hyper",
    "rustls",
    "tokio",
]

[[package]]
name = "mime"
version = "0.3.17"
source = "registry+https://github.com/rust-lang/crates.io-index"
checksum = "6877bb514a99a2a32a3c80c8f06b4ab45e9eae7e1fde54e4cf4e0d59b0e4d591"

[[package]]
name = "mio"
version = "1.0.2"
source = "registry+https://github.com/rust-lang/crates.io-index"
checksum = "80e04d1dcff3aae0704555fe5fee3bcfaf3d1fdf8a7e521d5b9d2b42acb52cec"

[[package]]
name = "reqwest"
version = "0.12.5"
source = "registry+https://github.com/rust-lang/crates.io-index"
checksum = "c7d6d2a27d57148378eb5e111173f4276ad26340ecc5c49a4a2152167a2d6a37"
dependencies = [
    "bytes",
    "encoding_rs",
    "h2",
    "http",
    "hyper",
    "hyper-rustls",
    "mime",
    "serde",
    "serde_json",
    "tokio",
    "url",
]

[[package]]
name = "rustc-version-runtime"
version = "0.3.0"
source = "registry+https://github.com/rust-lang/crates.io-index"
checksum = "f640d38b15b471f6cdd6d1f0e34b6b7a4e68d61eef12685e8b5cd5e7b9fbc91b"

[[package]]
name = "rustls"
version = "0.23.12"
source = "registry+https://github.com/rust-lang/crates.io-index"
checksum = "c58f8ef2c9943e904f7b4f2e5e0e4c0fa23b95bab0c487fc1c4de0bded7a8aca"

[[package]]
name = "sample-rust"
version = "1.0.0"
dependencies = [
    "reqwest",
    "rustc-version-runtime",
    "serde",
    "serde_json",
    "tokio",
]

[[package]]
name = "serde"
version = "1.0.210"
source = "registry+https://github.com/rust-lang/crates.io-index"
checksum = "c8e3592472232a7dace96acdbfe2f1c4f1c5356e9c2b47bd773ec6f9f5765b3c"

[[package]]
name = "serde_json"
version = "1.0.128"
source = "registry+https://github.com/rust-lang/crates.io-index"
checksum = "6ff5456707a1de34e7e37f2a6fd3d3f808c318259cbd01ab6377795054b483d8"
dependencies = [
    "serde",
]

[[package]]
name = "tokio"
version = "1.40.0"
source = "registry+https://github.com/rust-lang/crates.io-index"
checksum = "e2b070231665d27ad9ec9c8e087eb8b4782f5a56d88e0b0f5c3d4d3f4b1f14"
dependencies = [
    "bytes",
    "mio",
]

[[package]]
name = "url"
version = "2.5.2"
source = "registry+https://github.com/rust-lang/crates.io-index"
checksum = "22784dbdf76fdde8af1aeda5622b546b422b6fc585325248a2bf9f5e41e94d6c"
