# This file is generated by running "yarn install" inside your project.
# Manual changes might be lost - proceed with caution!

__metadata:
  version: 10
  cacheKey: 10

"chalk@npm:5.2.0":
  version: 5.2.0
  resolution: "chalk@npm:5.2.0"
  checksum: 10/daadc187314c851cd94f1058dd870a2dd351dfaef8cf69048977fc56bce120f02f7aca77eb7ca88bf7a37ab6c15922e12b43f4ffa885f4fd2d9e15dd14c61a1b
  languageName: node
  linkType: hard

"debug@npm:4.3.0":
  version: 4.3.0
  resolution: "debug@npm:4.3.0"
  dependencies:
    ms: "npm:2.1.2"
  peerDependenciesMeta:
    supports-color:
      optional: true
  checksum: 10/56aa642bcc0faf4a41ed6a51cba82e253aea44d22078959b374a950f0b7dbc6a33567fc9c8ed4bcb4ffeb2c3a233501487d1a4d1d896a1ef4312194a25c7c163
  languageName: node
  linkType: hard

"ms@npm:2.1.2":
  version: 2.1.2
  resolution: "ms@npm:2.1.2"
  checksum: 10/673cdb2c3133eb050c745908d8ce632ed2c02d85640e2edb3ace856a2266a813b30c613569bf3354fdf4ea7d1a1494add3bfa95e2713baa27d0c2c71fc44f58f
  languageName: node
  linkType: hard

"sample-yarn@workspace:.":
  version: 0.0.0-use.local
  resolution: "sample-yarn@workspace:."
  dependencies:
    chalk: "catalog:"
    debug: "catalog:"
  languageName: unknown
  linkType: soft
