# This file is generated by running "yarn install" inside your project.
# Manual changes might be lost - proceed with caution!

__metadata:
  version: 6
  cacheKey: 8

"chalk@npm:5.2.0":
  version: 5.2.0
  resolution: "chalk@npm:5.2.0"
  checksum: 03d8060277de6cf2fd567dc25fcf770593eb5bb85f460ce443e49255a30ff1242edd0c90a06a03803b0466ff0687a939b41db1757bec987113e83de89a003caa
  languageName: node
  linkType: hard

"debug@npm:4.3.0":
  version: 4.3.0
  resolution: "debug@npm:4.3.0"
  dependencies:
    ms: 2.1.2
  peerDependenciesMeta:
    supports-color:
      optional: true
  checksum: f8a74c24d97295bcc21779abc72604d5eac5acfb8107d86eb3ce770cd7638d81d3b76a3e4548cbd7be6d9feae1ba84563a2339099511a9f1c124a309137f487a
  languageName: node
  linkType: hard

"ms@npm:2.1.2":
  version: 2.1.2
  resolution: "ms@npm:2.1.2"
  checksum: 673cdb2c3133eb050c745908d8ce632ed2c02d85640e2edb3ace856a2266a813b30c613569bf3354fdf4ea7d1a1494add3bfa95e2713baa27d0c2c71fc44f58f
  languageName: node
  linkType: hard

"sample-yarn@workspace:.":
  version: 0.0.0-use.local
  resolution: "sample-yarn@workspace:."
  dependencies:
    chalk: 5.2.0
    debug: 4.3.0
  languageName: unknown
  linkType: soft
